
Microsoft Visual Studio Solution File, Format Version 12.00
# Visual Studio Version 17
VisualStudioVersion = 17.6.33815.320
MinimumVisualStudioVersion = 10.0.40219.1
Project("{FAE04EC0-301F-11D3-BF4B-00C04F79EFBC}") = "WinFormsApp6", "WinFormsApp6\WinFormsApp6.csproj", "{8D0C60BF-3359-41BE-A65C-E85608413CA4}"
EndProject
Global
	GlobalSection(SolutionConfigurationPlatforms) = preSolution
		Debug|Any CPU = Debug|Any CPU
		Release|Any CPU = Release|Any CPU
	EndGlobalSection
	GlobalSection(ProjectConfigurationPlatforms) = postSolution
		{8D0C60BF-3359-41BE-A65C-E85608413CA4}.Debug|Any CPU.ActiveCfg = Debug|Any CPU
		{8D0C60BF-3359-41BE-A65C-E85608413CA4}.Debug|Any CPU.Build.0 = Debug|Any CPU
		{8D0C60BF-3359-41BE-A65C-E85608413CA4}.Release|Any CPU.ActiveCfg = Release|Any CPU
		{8D0C60BF-3359-41BE-A65C-E85608413CA4}.Release|Any CPU.Build.0 = Release|Any CPU
	EndGlobalSection
	GlobalSection(SolutionProperties) = preSolution
		HideSolutionNode = FALSE
	EndGlobalSection
	GlobalSection(ExtensibilityGlobals) = postSolution
		SolutionGuid = {52364704-4301-4B73-B779-676C4D5C2AEE}
	EndGlobalSection
EndGlobal
